
Microsoft Visual Studio Solution File, Format Version 12.00
# Visual Studio Version 16
VisualStudioVersion = 25.0.1706.8
MinimumVisualStudioVersion = 10.0.40219.1
Project("{FAE04EC0-301F-11D3-BF4B-00C04F79EFBC}") = "ChatGPTIntegration", "ChatGPTIntegration\ChatGPTIntegration.csproj", "{5D5683E1-61D8-404B-80A4-87002DF5F56D}"
EndProject
Project("{E53339B2-1760-4266-BCC7-CA923CBCF16C}") = "docker-compose", "docker-compose.dcproj", "{63DCF544-2E4C-4797-BCFD-4369DBD4E68A}"
EndProject
Global
	GlobalSection(SolutionConfigurationPlatforms) = preSolution
		Debug|Any CPU = Debug|Any CPU
		Release|Any CPU = Release|Any CPU
	EndGlobalSection
	GlobalSection(ProjectConfigurationPlatforms) = postSolution
		{5D5683E1-61D8-404B-80A4-87002DF5F56D}.Debug|Any CPU.ActiveCfg = Debug|Any CPU
		{5D5683E1-61D8-404B-80A4-87002DF5F56D}.Debug|Any CPU.Build.0 = Debug|Any CPU
		{5D5683E1-61D8-404B-80A4-87002DF5F56D}.Release|Any CPU.ActiveCfg = Release|Any CPU
		{5D5683E1-61D8-404B-80A4-87002DF5F56D}.Release|Any CPU.Build.0 = Release|Any CPU
		{63DCF544-2E4C-4797-BCFD-4369DBD4E68A}.Debug|Any CPU.ActiveCfg = Debug|Any CPU
		{63DCF544-2E4C-4797-BCFD-4369DBD4E68A}.Debug|Any CPU.Build.0 = Debug|Any CPU
		{63DCF544-2E4C-4797-BCFD-4369DBD4E68A}.Release|Any CPU.ActiveCfg = Release|Any CPU
		{63DCF544-2E4C-4797-BCFD-4369DBD4E68A}.Release|Any CPU.Build.0 = Release|Any CPU
	EndGlobalSection
	GlobalSection(SolutionProperties) = preSolution
		HideSolutionNode = FALSE
	EndGlobalSection
	GlobalSection(ExtensibilityGlobals) = postSolution
		SolutionGuid = {6A4D6534-CE39-497C-8150-C93384E0B86B}
	EndGlobalSection
EndGlobal
